
Microsoft Visual Studio Solution File, Format Version 12.00
# Visual Studio Version 16
VisualStudioVersion = 16.0.30413.136
MinimumVisualStudioVersion = 10.0.40219.1
Project("{8BC9CEB8-8B4A-11D0-8D11-00A0C91BC942}") = "task1", "task1\task1.vcxproj", "{1BD3F4CA-5929-488A-82CA-523491CC0D1A}"
EndProject
Project("{8BC9CEB8-8B4A-11D0-8D11-00A0C91BC942}") = "a_inception", "a_inception\a_inception.vcxproj", "{5CC32A43-9B99-4ABE-AE21-5DBB9A6DA1F4}"
EndProject
Project("{8BC9CEB8-8B4A-11D0-8D11-00A0C91BC942}") = "task2", "task2\task2.vcxproj", "{092A3FF7-AABD-41A3-BE82-105F277F5991}"
EndProject
Project("{8BC9CEB8-8B4A-11D0-8D11-00A0C91BC942}") = "task3", "task3\task3.vcxproj", "{B38A69B6-17F8-46D9-AE77-0400B7BEE003}"
EndProject
Project("{8BC9CEB8-8B4A-11D0-8D11-00A0C91BC942}") = "task4", "task4\task4.vcxproj", "{5566A7E1-BB11-46FA-9008-6BDAB56DC9A0}"
EndProject
Project("{8BC9CEB8-8B4A-11D0-8D11-00A0C91BC942}") = "task5", "task5\task5.vcxproj", "{0599EED1-9D68-4BBA-B474-E05B46CB0946}"
EndProject
Project("{8BC9CEB8-8B4A-11D0-8D11-00A0C91BC942}") = "task6", "task6\task6.vcxproj", "{26225EC1-3A11-47BF-8E9A-C853075F61A3}"
EndProject
Project("{8BC9CEB8-8B4A-11D0-8D11-00A0C91BC942}") = "task7", "task7\task7.vcxproj", "{EE67C9C2-F327-48C8-81DB-6CCD0BD7DB10}"
EndProject
Project("{8BC9CEB8-8B4A-11D0-8D11-00A0C91BC942}") = "task8", "task8\task8.vcxproj", "{28082839-EF32-4A7E-9805-588EE34C9194}"
EndProject
Project("{8BC9CEB8-8B4A-11D0-8D11-00A0C91BC942}") = "task11", "task11\task11.vcxproj", "{CA28289B-A0DF-46D9-A60E-C9D5DE1BB952}"
EndProject
Project("{8BC9CEB8-8B4A-11D0-8D11-00A0C91BC942}") = "task12", "task12\task12.vcxproj", "{FF125176-1DEA-43A7-9153-C6DE82CBD8C9}"
EndProject
Project("{8BC9CEB8-8B4A-11D0-8D11-00A0C91BC942}") = "task9", "task9\task9.vcxproj", "{E6683550-35E7-43F7-BAB5-FFFF9208DF15}"
EndProject
Project("{8BC9CEB8-8B4A-11D0-8D11-00A0C91BC942}") = "fix_and_run", "fix_and_run\fix_and_run.vcxproj", "{E22468AE-3D1B-4B02-843B-DFF00B29A911}"
EndProject
Global
	GlobalSection(SolutionConfigurationPlatforms) = preSolution
		Debug|x64 = Debug|x64
		Debug|x86 = Debug|x86
		Release|x64 = Release|x64
		Release|x86 = Release|x86
	EndGlobalSection
	GlobalSection(ProjectConfigurationPlatforms) = postSolution
		{1BD3F4CA-5929-488A-82CA-523491CC0D1A}.Debug|x64.ActiveCfg = Debug|x64
		{1BD3F4CA-5929-488A-82CA-523491CC0D1A}.Debug|x64.Build.0 = Debug|x64
		{1BD3F4CA-5929-488A-82CA-523491CC0D1A}.Debug|x86.ActiveCfg = Debug|Win32
		{1BD3F4CA-5929-488A-82CA-523491CC0D1A}.Debug|x86.Build.0 = Debug|Win32
		{1BD3F4CA-5929-488A-82CA-523491CC0D1A}.Release|x64.ActiveCfg = Release|x64
		{1BD3F4CA-5929-488A-82CA-523491CC0D1A}.Release|x64.Build.0 = Release|x64
		{1BD3F4CA-5929-488A-82CA-523491CC0D1A}.Release|x86.ActiveCfg = Release|Win32
		{1BD3F4CA-5929-488A-82CA-523491CC0D1A}.Release|x86.Build.0 = Release|Win32
		{5CC32A43-9B99-4ABE-AE21-5DBB9A6DA1F4}.Debug|x64.ActiveCfg = Debug|x64
		{5CC32A43-9B99-4ABE-AE21-5DBB9A6DA1F4}.Debug|x64.Build.0 = Debug|x64
		{5CC32A43-9B99-4ABE-AE21-5DBB9A6DA1F4}.Debug|x86.ActiveCfg = Debug|Win32
		{5CC32A43-9B99-4ABE-AE21-5DBB9A6DA1F4}.Debug|x86.Build.0 = Debug|Win32
		{5CC32A43-9B99-4ABE-AE21-5DBB9A6DA1F4}.Release|x64.ActiveCfg = Release|x64
		{5CC32A43-9B99-4ABE-AE21-5DBB9A6DA1F4}.Release|x64.Build.0 = Release|x64
		{5CC32A43-9B99-4ABE-AE21-5DBB9A6DA1F4}.Release|x86.ActiveCfg = Release|Win32
		{5CC32A43-9B99-4ABE-AE21-5DBB9A6DA1F4}.Release|x86.Build.0 = Release|Win32
		{092A3FF7-AABD-41A3-BE82-105F277F5991}.Debug|x64.ActiveCfg = Debug|x64
		{092A3FF7-AABD-41A3-BE82-105F277F5991}.Debug|x64.Build.0 = Debug|x64
		{092A3FF7-AABD-41A3-BE82-105F277F5991}.Debug|x86.ActiveCfg = Debug|Win32
		{092A3FF7-AABD-41A3-BE82-105F277F5991}.Debug|x86.Build.0 = Debug|Win32
		{092A3FF7-AABD-41A3-BE82-105F277F5991}.Release|x64.ActiveCfg = Release|x64
		{092A3FF7-AABD-41A3-BE82-105F277F5991}.Release|x64.Build.0 = Release|x64
		{092A3FF7-AABD-41A3-BE82-105F277F5991}.Release|x86.ActiveCfg = Release|Win32
		{092A3FF7-AABD-41A3-BE82-105F277F5991}.Release|x86.Build.0 = Release|Win32
		{B38A69B6-17F8-46D9-AE77-0400B7BEE003}.Debug|x64.ActiveCfg = Debug|x64
		{B38A69B6-17F8-46D9-AE77-0400B7BEE003}.Debug|x64.Build.0 = Debug|x64
		{B38A69B6-17F8-46D9-AE77-0400B7BEE003}.Debug|x86.ActiveCfg = Debug|Win32
		{B38A69B6-17F8-46D9-AE77-0400B7BEE003}.Debug|x86.Build.0 = Debug|Win32
		{B38A69B6-17F8-46D9-AE77-0400B7BEE003}.Release|x64.ActiveCfg = Release|x64
		{B38A69B6-17F8-46D9-AE77-0400B7BEE003}.Release|x64.Build.0 = Release|x64
		{B38A69B6-17F8-46D9-AE77-0400B7BEE003}.Release|x86.ActiveCfg = Release|Win32
		{B38A69B6-17F8-46D9-AE77-0400B7BEE003}.Release|x86.Build.0 = Release|Win32
		{5566A7E1-BB11-46FA-9008-6BDAB56DC9A0}.Debug|x64.ActiveCfg = Debug|x64
		{5566A7E1-BB11-46FA-9008-6BDAB56DC9A0}.Debug|x64.Build.0 = Debug|x64
		{5566A7E1-BB11-46FA-9008-6BDAB56DC9A0}.Debug|x86.ActiveCfg = Debug|Win32
		{5566A7E1-BB11-46FA-9008-6BDAB56DC9A0}.Debug|x86.Build.0 = Debug|Win32
		{5566A7E1-BB11-46FA-9008-6BDAB56DC9A0}.Release|x64.ActiveCfg = Release|x64
		{5566A7E1-BB11-46FA-9008-6BDAB56DC9A0}.Release|x64.Build.0 = Release|x64
		{5566A7E1-BB11-46FA-9008-6BDAB56DC9A0}.Release|x86.ActiveCfg = Release|Win32
		{5566A7E1-BB11-46FA-9008-6BDAB56DC9A0}.Release|x86.Build.0 = Release|Win32
		{0599EED1-9D68-4BBA-B474-E05B46CB0946}.Debug|x64.ActiveCfg = Debug|x64
		{0599EED1-9D68-4BBA-B474-E05B46CB0946}.Debug|x64.Build.0 = Debug|x64
		{0599EED1-9D68-4BBA-B474-E05B46CB0946}.Debug|x86.ActiveCfg = Debug|Win32
		{0599EED1-9D68-4BBA-B474-E05B46CB0946}.Debug|x86.Build.0 = Debug|Win32
		{0599EED1-9D68-4BBA-B474-E05B46CB0946}.Release|x64.ActiveCfg = Release|x64
		{0599EED1-9D68-4BBA-B474-E05B46CB0946}.Release|x64.Build.0 = Release|x64
		{0599EED1-9D68-4BBA-B474-E05B46CB0946}.Release|x86.ActiveCfg = Release|Win32
		{0599EED1-9D68-4BBA-B474-E05B46CB0946}.Release|x86.Build.0 = Release|Win32
		{26225EC1-3A11-47BF-8E9A-C853075F61A3}.Debug|x64.ActiveCfg = Debug|x64
		{26225EC1-3A11-47BF-8E9A-C853075F61A3}.Debug|x64.Build.0 = Debug|x64
		{26225EC1-3A11-47BF-8E9A-C853075F61A3}.Debug|x86.ActiveCfg = Debug|Win32
		{26225EC1-3A11-47BF-8E9A-C853075F61A3}.Debug|x86.Build.0 = Debug|Win32
		{26225EC1-3A11-47BF-8E9A-C853075F61A3}.Release|x64.ActiveCfg = Release|x64
		{26225EC1-3A11-47BF-8E9A-C853075F61A3}.Release|x64.Build.0 = Release|x64
		{26225EC1-3A11-47BF-8E9A-C853075F61A3}.Release|x86.ActiveCfg = Release|Win32
		{26225EC1-3A11-47BF-8E9A-C853075F61A3}.Release|x86.Build.0 = Release|Win32
		{EE67C9C2-F327-48C8-81DB-6CCD0BD7DB10}.Debug|x64.ActiveCfg = Debug|x64
		{EE67C9C2-F327-48C8-81DB-6CCD0BD7DB10}.Debug|x64.Build.0 = Debug|x64
		{EE67C9C2-F327-48C8-81DB-6CCD0BD7DB10}.Debug|x86.ActiveCfg = Debug|Win32
		{EE67C9C2-F327-48C8-81DB-6CCD0BD7DB10}.Debug|x86.Build.0 = Debug|Win32
		{EE67C9C2-F327-48C8-81DB-6CCD0BD7DB10}.Release|x64.ActiveCfg = Release|x64
		{EE67C9C2-F327-48C8-81DB-6CCD0BD7DB10}.Release|x64.Build.0 = Release|x64
		{EE67C9C2-F327-48C8-81DB-6CCD0BD7DB10}.Release|x86.ActiveCfg = Release|Win32
		{EE67C9C2-F327-48C8-81DB-6CCD0BD7DB10}.Release|x86.Build.0 = Release|Win32
		{28082839-EF32-4A7E-9805-588EE34C9194}.Debug|x64.ActiveCfg = Debug|x64
		{28082839-EF32-4A7E-9805-588EE34C9194}.Debug|x64.Build.0 = Debug|x64
		{28082839-EF32-4A7E-9805-588EE34C9194}.Debug|x86.ActiveCfg = Debug|Win32
		{28082839-EF32-4A7E-9805-588EE34C9194}.Debug|x86.Build.0 = Debug|Win32
		{28082839-EF32-4A7E-9805-588EE34C9194}.Release|x64.ActiveCfg = Release|x64
		{28082839-EF32-4A7E-9805-588EE34C9194}.Release|x64.Build.0 = Release|x64
		{28082839-EF32-4A7E-9805-588EE34C9194}.Release|x86.ActiveCfg = Release|Win32
		{28082839-EF32-4A7E-9805-588EE34C9194}.Release|x86.Build.0 = Release|Win32
		{CA28289B-A0DF-46D9-A60E-C9D5DE1BB952}.Debug|x64.ActiveCfg = Debug|x64
		{CA28289B-A0DF-46D9-A60E-C9D5DE1BB952}.Debug|x64.Build.0 = Debug|x64
		{CA28289B-A0DF-46D9-A60E-C9D5DE1BB952}.Debug|x86.ActiveCfg = Debug|Win32
		{CA28289B-A0DF-46D9-A60E-C9D5DE1BB952}.Debug|x86.Build.0 = Debug|Win32
		{CA28289B-A0DF-46D9-A60E-C9D5DE1BB952}.Release|x64.ActiveCfg = Release|x64
		{CA28289B-A0DF-46D9-A60E-C9D5DE1BB952}.Release|x64.Build.0 = Release|x64
		{CA28289B-A0DF-46D9-A60E-C9D5DE1BB952}.Release|x86.ActiveCfg = Release|Win32
		{CA28289B-A0DF-46D9-A60E-C9D5DE1BB952}.Release|x86.Build.0 = Release|Win32
		{FF125176-1DEA-43A7-9153-C6DE82CBD8C9}.Debug|x64.ActiveCfg = Debug|x64
		{FF125176-1DEA-43A7-9153-C6DE82CBD8C9}.Debug|x64.Build.0 = Debug|x64
		{FF125176-1DEA-43A7-9153-C6DE82CBD8C9}.Debug|x86.ActiveCfg = Debug|Win32
		{FF125176-1DEA-43A7-9153-C6DE82CBD8C9}.Debug|x86.Build.0 = Debug|Win32
		{FF125176-1DEA-43A7-9153-C6DE82CBD8C9}.Release|x64.ActiveCfg = Release|x64
		{FF125176-1DEA-43A7-9153-C6DE82CBD8C9}.Release|x64.Build.0 = Release|x64
		{FF125176-1DEA-43A7-9153-C6DE82CBD8C9}.Release|x86.ActiveCfg = Release|Win32
		{FF125176-1DEA-43A7-9153-C6DE82CBD8C9}.Release|x86.Build.0 = Release|Win32
		{E6683550-35E7-43F7-BAB5-FFFF9208DF15}.Debug|x64.ActiveCfg = Debug|x64
		{E6683550-35E7-43F7-BAB5-FFFF9208DF15}.Debug|x64.Build.0 = Debug|x64
		{E6683550-35E7-43F7-BAB5-FFFF9208DF15}.Debug|x86.ActiveCfg = Debug|Win32
		{E6683550-35E7-43F7-BAB5-FFFF9208DF15}.Debug|x86.Build.0 = Debug|Win32
		{E6683550-35E7-43F7-BAB5-FFFF9208DF15}.Release|x64.ActiveCfg = Release|x64
		{E6683550-35E7-43F7-BAB5-FFFF9208DF15}.Release|x64.Build.0 = Release|x64
		{E6683550-35E7-43F7-BAB5-FFFF9208DF15}.Release|x86.ActiveCfg = Release|Win32
		{E6683550-35E7-43F7-BAB5-FFFF9208DF15}.Release|x86.Build.0 = Release|Win32
		{E22468AE-3D1B-4B02-843B-DFF00B29A911}.Debug|x64.ActiveCfg = Debug|x64
		{E22468AE-3D1B-4B02-843B-DFF00B29A911}.Debug|x64.Build.0 = Debug|x64
		{E22468AE-3D1B-4B02-843B-DFF00B29A911}.Debug|x86.ActiveCfg = Debug|Win32
		{E22468AE-3D1B-4B02-843B-DFF00B29A911}.Debug|x86.Build.0 = Debug|Win32
		{E22468AE-3D1B-4B02-843B-DFF00B29A911}.Release|x64.ActiveCfg = Release|x64
		{E22468AE-3D1B-4B02-843B-DFF00B29A911}.Release|x64.Build.0 = Release|x64
		{E22468AE-3D1B-4B02-843B-DFF00B29A911}.Release|x86.ActiveCfg = Release|Win32
		{E22468AE-3D1B-4B02-843B-DFF00B29A911}.Release|x86.Build.0 = Release|Win32
	EndGlobalSection
	GlobalSection(SolutionProperties) = preSolution
		HideSolutionNode = FALSE
	EndGlobalSection
	GlobalSection(ExtensibilityGlobals) = postSolution
		SolutionGuid = {CCC92760-B143-47CF-8E40-81EB90471515}
	EndGlobalSection
EndGlobal
